<?xml version="1.0" encoding="utf-8"?>
<Project ToolsVersion="4.0" xmlns="http://schemas.microsoft.com/developer/msbuild/2003">
  <ItemGroup>
    <Filter Include="소스 파일">
      <UniqueIdentifier>{4FC737F1-C7A5-4376-A066-2A32D752A2FF}</UniqueIdentifier>
      <Extensions>cpp;c;cc;cxx;c++;cppm;ixx;def;odl;idl;hpj;bat;asm;asmx</Extensions>
    </Filter>
    <Filter Include="헤더 파일">
      <UniqueIdentifier>{93995380-89BD-4b04-88EB-625FBE52EBFB}</UniqueIdentifier>
      <Extensions>h;hh;hpp;hxx;h++;hm;inl;inc;ipp;xsd</Extensions>
    </Filter>
    <Filter Include="리소스 파일">
      <UniqueIdentifier>{67DA6AB6-F800-4c08-8B7A-83BB121AAD01}</UniqueIdentifier>
      <Extensions>rc;ico;cur;bmp;dlg;rc2;rct;bin;rgs;gif;jpg;jpeg;jpe;resx;tiff;tif;png;wav;mfcribbon-ms</Extensions>
    </Filter>
    <Filter Include="소스 파일\Shaders">
      <UniqueIdentifier>{3d4c8df1-05b7-4937-99f5-07264221ddf9}</UniqueIdentifier>
    </Filter>
    <Filter Include="소스 파일\PreVersion">
      <UniqueIdentifier>{69bd9f83-c160-4d57-b434-1c68b5623db3}</UniqueIdentifier>
    </Filter>
    <Filter Include="소스 파일\Camera">
      <UniqueIdentifier>{a7f3a7c2-3304-483c-bcaf-14cfa5756827}</UniqueIdentifier>
    </Filter>
    <Filter Include="소스 파일\Controller">
      <UniqueIdentifier>{69fc7d33-6145-4dfb-b0e8-e53324472da7}</UniqueIdentifier>
    </Filter>
    <Filter Include="소스 파일\Object">
      <UniqueIdentifier>{dfa576d1-906f-4e6d-8865-1f08d3feabae}</UniqueIdentifier>
    </Filter>
    <Filter Include="소스 파일\Importer">
      <UniqueIdentifier>{547d4e8f-c061-4ffe-8c98-8086c9853b44}</UniqueIdentifier>
    </Filter>
    <Filter Include="소스 파일\ObjectManager">
      <UniqueIdentifier>{d07d5885-46cd-4460-b168-8356369287b5}</UniqueIdentifier>
    </Filter>
    <Filter Include="소스 파일\Renderer">
      <UniqueIdentifier>{16bd4529-eb73-4331-a202-29ed34747f51}</UniqueIdentifier>
    </Filter>
  </ItemGroup>
  <ItemGroup>
    <None Include="BasicShader.vs">
      <Filter>소스 파일\Shaders</Filter>
    </None>
    <None Include="BasicShader.fs">
      <Filter>소스 파일\Shaders</Filter>
    </None>
    <None Include="vertexlight.glsl">
      <Filter>소스 파일\PreVersion</Filter>
    </None>
    <None Include="fragmentlight.glsl">
      <Filter>소스 파일\PreVersion</Filter>
    </None>
  </ItemGroup>
  <ItemGroup>
    <ClCompile Include="Remake_main.cpp">
      <Filter>소스 파일</Filter>
    </ClCompile>
    <ClCompile Include="term.cpp">
      <Filter>소스 파일\PreVersion</Filter>
    </ClCompile>
    <ClCompile Include="Camera.cpp">
      <Filter>소스 파일\Camera</Filter>
    </ClCompile>
    <ClCompile Include="Controller.cpp">
      <Filter>소스 파일\Controller</Filter>
    </ClCompile>
    <ClCompile Include="Object.cpp">
      <Filter>소스 파일\Object</Filter>
    </ClCompile>
    <ClCompile Include="Importer_obj.cpp">
      <Filter>소스 파일\Importer</Filter>
    </ClCompile>
    <ClCompile Include="ObjectManager.cpp">
      <Filter>소스 파일\ObjectManager</Filter>
    </ClCompile>
    <ClCompile Include="Renderer.cpp">
      <Filter>소스 파일\Renderer</Filter>
    </ClCompile>
  </ItemGroup>
  <ItemGroup>
    <ClInclude Include="OpenGL.h">
      <Filter>헤더 파일</Filter>
    </ClInclude>
    <ClInclude Include="Camera.h">
      <Filter>소스 파일\Camera</Filter>
    </ClInclude>
    <ClInclude Include="Controller.h">
      <Filter>소스 파일\Controller</Filter>
    </ClInclude>
    <ClInclude Include="Object.h">
      <Filter>소스 파일\Object</Filter>
    </ClInclude>
    <ClInclude Include="Importer_obj.h">
      <Filter>소스 파일\Importer</Filter>
    </ClInclude>
    <ClInclude Include="ObjectManager.h">
      <Filter>소스 파일\ObjectManager</Filter>
    </ClInclude>
    <ClInclude Include="Renderer.h">
      <Filter>소스 파일\Renderer</Filter>
    </ClInclude>
  </ItemGroup>
</Project>