<?xml version="1.0" encoding="utf-8"?>
<Project ToolsVersion="4.0" xmlns="http://schemas.microsoft.com/developer/msbuild/2003">
  <ItemGroup>
    <Filter Include="소스 파일">
      <UniqueIdentifier>{4FC737F1-C7A5-4376-A066-2A32D752A2FF}</UniqueIdentifier>
      <Extensions>cpp;c;cc;cxx;c++;cppm;ixx;def;odl;idl;hpj;bat;asm;asmx</Extensions>
    </Filter>
    <Filter Include="헤더 파일">
      <UniqueIdentifier>{93995380-89BD-4b04-88EB-625FBE52EBFB}</UniqueIdentifier>
      <Extensions>h;hh;hpp;hxx;h++;hm;inl;inc;ipp;xsd</Extensions>
    </Filter>
    <Filter Include="리소스 파일">
      <UniqueIdentifier>{67DA6AB6-F800-4c08-8B7A-83BB121AAD01}</UniqueIdentifier>
      <Extensions>rc;ico;cur;bmp;dlg;rc2;rct;bin;rgs;gif;jpg;jpeg;jpe;resx;tiff;tif;png;wav;mfcribbon-ms</Extensions>
    </Filter>
    <Filter Include="소스 파일\Shaders">
      <UniqueIdentifier>{3d4c8df1-05b7-4937-99f5-07264221ddf9}</UniqueIdentifier>
    </Filter>
    <Filter Include="소스 파일\PreVersion">
      <UniqueIdentifier>{69bd9f83-c160-4d57-b434-1c68b5623db3}</UniqueIdentifier>
    </Filter>
    <Filter Include="소스 파일\Camera">
      <UniqueIdentifier>{a7f3a7c2-3304-483c-bcaf-14cfa5756827}</UniqueIdentifier>
    </Filter>
    <Filter Include="소스 파일\Controller">
      <UniqueIdentifier>{69fc7d33-6145-4dfb-b0e8-e53324472da7}</UniqueIdentifier>
    </Filter>
    <Filter Include="소스 파일\Object">
      <UniqueIdentifier>{dfa576d1-906f-4e6d-8865-1f08d3feabae}</UniqueIdentifier>
    </Filter>
    <Filter Include="소스 파일\Importer">
      <UniqueIdentifier>{547d4e8f-c061-4ffe-8c98-8086c9853b44}</UniqueIdentifier>
    </Filter>
    <Filter Include="소스 파일\ObjectManager">
      <UniqueIdentifier>{d07d5885-46cd-4460-b168-8356369287b5}</UniqueIdentifier>
    </Filter>
    <Filter Include="소스 파일\Renderer">
      <UniqueIdentifier>{16bd4529-eb73-4331-a202-29ed34747f51}</UniqueIdentifier>
    </Filter>
    <Filter Include="소스 파일\Light">
      <UniqueIdentifier>{6bcc0750-34f1-4046-8232-db8d410837c6}</UniqueIdentifier>
    </Filter>
    <Filter Include="소스 파일\Shaders\BasicShader">
      <UniqueIdentifier>{c6c7ae69-8bc1-4c0e-aede-20987532bd67}</UniqueIdentifier>
    </Filter>
    <Filter Include="소스 파일\Shaders\Enviroment">
      <UniqueIdentifier>{2d432dca-ce30-4293-9337-b9fe0dc191cc}</UniqueIdentifier>
    </Filter>
    <Filter Include="소스 파일\Shaders\PostProcess">
      <UniqueIdentifier>{44199303-808b-4069-b7a9-f21c655b338b}</UniqueIdentifier>
    </Filter>
    <Filter Include="소스 파일\Shaders\Shadow">
      <UniqueIdentifier>{dd48ab77-7797-48f2-b861-2386bf6591e5}</UniqueIdentifier>
    </Filter>
    <Filter Include="소스 파일\Shaders\Bloom">
      <UniqueIdentifier>{ad10d73a-d8cf-4c66-ba84-3ce7cca36e14}</UniqueIdentifier>
    </Filter>
    <Filter Include="소스 파일\Object\Player">
      <UniqueIdentifier>{dd443be5-20c9-4f92-909d-62caaf73a7eb}</UniqueIdentifier>
    </Filter>
    <Filter Include="소스 파일\Object\Base">
      <UniqueIdentifier>{6dc61a4b-a1e0-4152-89a8-e91c98998d4a}</UniqueIdentifier>
    </Filter>
    <Filter Include="소스 파일\Object\Coin">
      <UniqueIdentifier>{d07ba0c6-df98-4b12-8ac3-e5e2091fbd4d}</UniqueIdentifier>
    </Filter>
    <Filter Include="소스 파일\Shaders\Particles">
      <UniqueIdentifier>{b1e60b00-f870-44c2-b69f-6992b84f8120}</UniqueIdentifier>
    </Filter>
  </ItemGroup>
  <ItemGroup>
    <None Include="vertexlight.glsl">
      <Filter>소스 파일\PreVersion</Filter>
    </None>
    <None Include="fragmentlight.glsl">
      <Filter>소스 파일\PreVersion</Filter>
    </None>
    <None Include="BasicShader.fs">
      <Filter>소스 파일\Shaders\BasicShader</Filter>
    </None>
    <None Include="BasicShader.vs">
      <Filter>소스 파일\Shaders\BasicShader</Filter>
    </None>
    <None Include="EnviromentShader.fs">
      <Filter>소스 파일\Shaders\Enviroment</Filter>
    </None>
    <None Include="EnviromentShader.vs">
      <Filter>소스 파일\Shaders\Enviroment</Filter>
    </None>
    <None Include="PostProcessShader.fs">
      <Filter>소스 파일\Shaders\PostProcess</Filter>
    </None>
    <None Include="PostProcessShader.vs">
      <Filter>소스 파일\Shaders\PostProcess</Filter>
    </None>
    <None Include="ShadowShader.fs">
      <Filter>소스 파일\Shaders\Shadow</Filter>
    </None>
    <None Include="ShadowShader.vs">
      <Filter>소스 파일\Shaders\Shadow</Filter>
    </None>
    <None Include="BloomShader.vs">
      <Filter>소스 파일\Shaders\Bloom</Filter>
    </None>
    <None Include="BloomShader.fs">
      <Filter>소스 파일\Shaders\Bloom</Filter>
    </None>
    <None Include="ParticleShader.vs">
      <Filter>소스 파일\Shaders\Particles</Filter>
    </None>
    <None Include="ParticleShader.fs">
      <Filter>소스 파일\Shaders\Particles</Filter>
    </None>
  </ItemGroup>
  <ItemGroup>
    <ClCompile Include="Remake_main.cpp">
      <Filter>소스 파일</Filter>
    </ClCompile>
    <ClCompile Include="term.cpp">
      <Filter>소스 파일\PreVersion</Filter>
    </ClCompile>
    <ClCompile Include="Camera.cpp">
      <Filter>소스 파일\Camera</Filter>
    </ClCompile>
    <ClCompile Include="Controller.cpp">
      <Filter>소스 파일\Controller</Filter>
    </ClCompile>
    <ClCompile Include="Object.cpp">
      <Filter>소스 파일\Object</Filter>
    </ClCompile>
    <ClCompile Include="Importer_obj.cpp">
      <Filter>소스 파일\Importer</Filter>
    </ClCompile>
    <ClCompile Include="ObjectManager.cpp">
      <Filter>소스 파일\ObjectManager</Filter>
    </ClCompile>
    <ClCompile Include="Renderer.cpp">
      <Filter>소스 파일\Renderer</Filter>
    </ClCompile>
    <ClCompile Include="LoadPng.cpp">
      <Filter>소스 파일\Importer</Filter>
    </ClCompile>
    <ClCompile Include="DirectionLight.cpp">
      <Filter>소스 파일\Light</Filter>
    </ClCompile>
    <ClCompile Include="Base.cpp">
      <Filter>소스 파일\Object\Base</Filter>
    </ClCompile>
    <ClCompile Include="Player.cpp">
      <Filter>소스 파일\Object\Player</Filter>
    </ClCompile>
    <ClCompile Include="Coin.cpp">
      <Filter>소스 파일\Object\Coin</Filter>
    </ClCompile>
    <ClCompile Include="Particle.cpp">
      <Filter>소스 파일</Filter>
    </ClCompile>
  </ItemGroup>
  <ItemGroup>
    <ClInclude Include="OpenGL.h">
      <Filter>헤더 파일</Filter>
    </ClInclude>
    <ClInclude Include="Camera.h">
      <Filter>소스 파일\Camera</Filter>
    </ClInclude>
    <ClInclude Include="Controller.h">
      <Filter>소스 파일\Controller</Filter>
    </ClInclude>
    <ClInclude Include="Object.h">
      <Filter>소스 파일\Object</Filter>
    </ClInclude>
    <ClInclude Include="Importer_obj.h">
      <Filter>소스 파일\Importer</Filter>
    </ClInclude>
    <ClInclude Include="ObjectManager.h">
      <Filter>소스 파일\ObjectManager</Filter>
    </ClInclude>
    <ClInclude Include="Renderer.h">
      <Filter>소스 파일\Renderer</Filter>
    </ClInclude>
    <ClInclude Include="LoadPng.h">
      <Filter>소스 파일\Importer</Filter>
    </ClInclude>
    <ClInclude Include="DirectionLight.h">
      <Filter>소스 파일\Light</Filter>
    </ClInclude>
    <ClInclude Include="Base.h">
      <Filter>소스 파일\Object\Base</Filter>
    </ClInclude>
    <ClInclude Include="Player.h">
      <Filter>소스 파일\Object\Player</Filter>
    </ClInclude>
    <ClInclude Include="Coin.h">
      <Filter>소스 파일\Object\Coin</Filter>
    </ClInclude>
    <ClInclude Include="Particle.h">
      <Filter>헤더 파일</Filter>
    </ClInclude>
  </ItemGroup>
</Project>